// !$*UTF8*$!
{
	archiveVersion = 1;
	classes = {
	};
	objectVersion = 55;
	objects = {

/* Begin PBXBuildFile section */
		3E383AC727391974004B24E0 /* WebAuthenticationSession.swift in Sources */ = {isa = PBXBuildFile; fileRef = 3E383AC627391974004B24E0 /* WebAuthenticationSession.swift */; };
		3E82AFA227380E0C00E794E0 /* Tests_iOS.swift in Sources */ = {isa = PBXBuildFile; fileRef = 3E82AFA127380E0C00E794E0 /* Tests_iOS.swift */; };
		3E82AFA427380E0C00E794E0 /* Tests_iOSLaunchTests.swift in Sources */ = {isa = PBXBuildFile; fileRef = 3E82AFA327380E0C00E794E0 /* Tests_iOSLaunchTests.swift */; };
		3E82AFB127380E0C00E794E0 /* DashApp.swift in Sources */ = {isa = PBXBuildFile; fileRef = 3E82AF8927380E0900E794E0 /* DashApp.swift */; };
		3E82AFB327380E0C00E794E0 /* ContentView.swift in Sources */ = {isa = PBXBuildFile; fileRef = 3E82AF8A27380E0900E794E0 /* ContentView.swift */; };
		3E82AFB527380E0C00E794E0 /* Assets.xcassets in Resources */ = {isa = PBXBuildFile; fileRef = 3E82AF8B27380E0B00E794E0 /* Assets.xcassets */; };
		3E82AFCE273816CC00E794E0 /* DomainDummy.swift in Sources */ = {isa = PBXBuildFile; fileRef = 3E82AFCD273816CC00E794E0 /* DomainDummy.swift */; };
		3E82AFD527381B9E00E794E0 /* Endpoint.swift in Sources */ = {isa = PBXBuildFile; fileRef = 3E82AFD427381B9E00E794E0 /* Endpoint.swift */; };
		3E82AFD727381BB400E794E0 /* HTTPMethod.swift in Sources */ = {isa = PBXBuildFile; fileRef = 3E82AFD627381BB400E794E0 /* HTTPMethod.swift */; };
		3E82AFD92738357800E794E0 /* NetworkRequest.swift in Sources */ = {isa = PBXBuildFile; fileRef = 3E82AFD82738357800E794E0 /* NetworkRequest.swift */; };
		3E82AFDB27386C3F00E794E0 /* NetworkClientProtocol.swift in Sources */ = {isa = PBXBuildFile; fileRef = 3E82AFDA27386C3F00E794E0 /* NetworkClientProtocol.swift */; };
		3E82AFDD27386DFB00E794E0 /* NetworkResponse.swift in Sources */ = {isa = PBXBuildFile; fileRef = 3E82AFDC27386DFB00E794E0 /* NetworkResponse.swift */; };
		3E82AFDF27386E1700E794E0 /* NetworkError.swift in Sources */ = {isa = PBXBuildFile; fileRef = 3E82AFDE27386E1700E794E0 /* NetworkError.swift */; };
		3E82AFE127386EAD00E794E0 /* NetworkClient.swift in Sources */ = {isa = PBXBuildFile; fileRef = 3E82AFE027386EAD00E794E0 /* NetworkClient.swift */; };
		3E82AFE3273875AE00E794E0 /* NetworkingProvider.swift in Sources */ = {isa = PBXBuildFile; fileRef = 3E82AFE2273875AE00E794E0 /* NetworkingProvider.swift */; };
		3E82AFE727387A9600E794E0 /* StravaAuthorizationRepository.swift in Sources */ = {isa = PBXBuildFile; fileRef = 3E82AFE627387A9600E794E0 /* StravaAuthorizationRepository.swift */; };
		3E82AFEA27387AC300E794E0 /* StravaConfig.swift in Sources */ = {isa = PBXBuildFile; fileRef = 3E82AFE927387AC300E794E0 /* StravaConfig.swift */; };
		3E82AFED27387DE500E794E0 /* AuthenticationServices.framework in Frameworks */ = {isa = PBXBuildFile; fileRef = 3E82AFEC27387DE400E794E0 /* AuthenticationServices.framework */; };
		3E82AFEF273881D600E794E0 /* StravaConstants.swift in Sources */ = {isa = PBXBuildFile; fileRef = 3E82AFEE273881D600E794E0 /* StravaConstants.swift */; };
		3E82AFF12738875D00E794E0 /* DashAppDelegate.swift in Sources */ = {isa = PBXBuildFile; fileRef = 3E82AFF02738875D00E794E0 /* DashAppDelegate.swift */; };
		3E82AFF42738907C00E794E0 /* StravaAuthorizationInteractor.swift in Sources */ = {isa = PBXBuildFile; fileRef = 3E82AFF32738907C00E794E0 /* StravaAuthorizationInteractor.swift */; };
/* End PBXBuildFile section */

/* Begin PBXContainerItemProxy section */
		3E82AF9E27380E0C00E794E0 /* PBXContainerItemProxy */ = {
			isa = PBXContainerItemProxy;
			containerPortal = 3E82AF8427380E0800E794E0 /* Project object */;
			proxyType = 1;
			remoteGlobalIDString = 3E82AF8F27380E0B00E794E0;
			remoteInfo = "Dash (iOS)";
		};
/* End PBXContainerItemProxy section */

/* Begin PBXFileReference section */
		3E383AC627391974004B24E0 /* WebAuthenticationSession.swift */ = {isa = PBXFileReference; lastKnownFileType = sourcecode.swift; path = WebAuthenticationSession.swift; sourceTree = "<group>"; };
		3E82AF8927380E0900E794E0 /* DashApp.swift */ = {isa = PBXFileReference; lastKnownFileType = sourcecode.swift; path = DashApp.swift; sourceTree = "<group>"; };
		3E82AF8A27380E0900E794E0 /* ContentView.swift */ = {isa = PBXFileReference; lastKnownFileType = sourcecode.swift; path = ContentView.swift; sourceTree = "<group>"; };
		3E82AF8B27380E0B00E794E0 /* Assets.xcassets */ = {isa = PBXFileReference; lastKnownFileType = folder.assetcatalog; path = Assets.xcassets; sourceTree = "<group>"; };
		3E82AF9027380E0B00E794E0 /* Dash.app */ = {isa = PBXFileReference; explicitFileType = wrapper.application; includeInIndex = 0; path = Dash.app; sourceTree = BUILT_PRODUCTS_DIR; };
		3E82AF9D27380E0C00E794E0 /* Tests iOS.xctest */ = {isa = PBXFileReference; explicitFileType = wrapper.cfbundle; includeInIndex = 0; path = "Tests iOS.xctest"; sourceTree = BUILT_PRODUCTS_DIR; };
		3E82AFA127380E0C00E794E0 /* Tests_iOS.swift */ = {isa = PBXFileReference; lastKnownFileType = sourcecode.swift; path = Tests_iOS.swift; sourceTree = "<group>"; };
		3E82AFA327380E0C00E794E0 /* Tests_iOSLaunchTests.swift */ = {isa = PBXFileReference; lastKnownFileType = sourcecode.swift; path = Tests_iOSLaunchTests.swift; sourceTree = "<group>"; };
		3E82AFCD273816CC00E794E0 /* DomainDummy.swift */ = {isa = PBXFileReference; lastKnownFileType = sourcecode.swift; path = DomainDummy.swift; sourceTree = "<group>"; };
		3E82AFD427381B9E00E794E0 /* Endpoint.swift */ = {isa = PBXFileReference; lastKnownFileType = sourcecode.swift; path = Endpoint.swift; sourceTree = "<group>"; };
		3E82AFD627381BB400E794E0 /* HTTPMethod.swift */ = {isa = PBXFileReference; lastKnownFileType = sourcecode.swift; path = HTTPMethod.swift; sourceTree = "<group>"; };
		3E82AFD82738357800E794E0 /* NetworkRequest.swift */ = {isa = PBXFileReference; lastKnownFileType = sourcecode.swift; path = NetworkRequest.swift; sourceTree = "<group>"; };
		3E82AFDA27386C3F00E794E0 /* NetworkClientProtocol.swift */ = {isa = PBXFileReference; lastKnownFileType = sourcecode.swift; path = NetworkClientProtocol.swift; sourceTree = "<group>"; };
		3E82AFDC27386DFB00E794E0 /* NetworkResponse.swift */ = {isa = PBXFileReference; lastKnownFileType = sourcecode.swift; path = NetworkResponse.swift; sourceTree = "<group>"; };
		3E82AFDE27386E1700E794E0 /* NetworkError.swift */ = {isa = PBXFileReference; lastKnownFileType = sourcecode.swift; path = NetworkError.swift; sourceTree = "<group>"; };
		3E82AFE027386EAD00E794E0 /* NetworkClient.swift */ = {isa = PBXFileReference; lastKnownFileType = sourcecode.swift; path = NetworkClient.swift; sourceTree = "<group>"; };
		3E82AFE2273875AE00E794E0 /* NetworkingProvider.swift */ = {isa = PBXFileReference; lastKnownFileType = sourcecode.swift; path = NetworkingProvider.swift; sourceTree = "<group>"; };
		3E82AFE627387A9600E794E0 /* StravaAuthorizationRepository.swift */ = {isa = PBXFileReference; lastKnownFileType = sourcecode.swift; path = StravaAuthorizationRepository.swift; sourceTree = "<group>"; };
		3E82AFE927387AC300E794E0 /* StravaConfig.swift */ = {isa = PBXFileReference; lastKnownFileType = sourcecode.swift; path = StravaConfig.swift; sourceTree = "<group>"; };
		3E82AFEC27387DE400E794E0 /* AuthenticationServices.framework */ = {isa = PBXFileReference; lastKnownFileType = wrapper.framework; name = AuthenticationServices.framework; path = Platforms/iPhoneOS.platform/Developer/SDKs/iPhoneOS15.0.sdk/System/Library/Frameworks/AuthenticationServices.framework; sourceTree = DEVELOPER_DIR; };
		3E82AFEE273881D600E794E0 /* StravaConstants.swift */ = {isa = PBXFileReference; lastKnownFileType = sourcecode.swift; path = StravaConstants.swift; sourceTree = "<group>"; };
		3E82AFF02738875D00E794E0 /* DashAppDelegate.swift */ = {isa = PBXFileReference; lastKnownFileType = sourcecode.swift; path = DashAppDelegate.swift; sourceTree = "<group>"; };
		3E82AFF32738907C00E794E0 /* StravaAuthorizationInteractor.swift */ = {isa = PBXFileReference; lastKnownFileType = sourcecode.swift; path = StravaAuthorizationInteractor.swift; sourceTree = "<group>"; };
/* End PBXFileReference section */

/* Begin PBXFrameworksBuildPhase section */
		3E82AF8D27380E0B00E794E0 /* Frameworks */ = {
			isa = PBXFrameworksBuildPhase;
			buildActionMask = 2147483647;
			files = (
				3E82AFED27387DE500E794E0 /* AuthenticationServices.framework in Frameworks */,
			);
			runOnlyForDeploymentPostprocessing = 0;
		};
		3E82AF9A27380E0C00E794E0 /* Frameworks */ = {
			isa = PBXFrameworksBuildPhase;
			buildActionMask = 2147483647;
			files = (
			);
			runOnlyForDeploymentPostprocessing = 0;
		};
/* End PBXFrameworksBuildPhase section */

/* Begin PBXGroup section */
		3E82AF8327380E0800E794E0 = {
			isa = PBXGroup;
			children = (
				3E82AFC52738154400E794E0 /* App */,
				3E82AFC92738157600E794E0 /* Core */,
				3E82AFC62738155100E794E0 /* Data */,
				3E82AFC72738155A00E794E0 /* Domain */,
				3E82AFF227388F6800E794E0 /* Interactors */,
				3E82AFC82738156300E794E0 /* UI */,
				3E82AF8827380E0900E794E0 /* Resources */,
				3E82AFCA273815D000E794E0 /* Utils */,
				3E82AFA027380E0C00E794E0 /* Tests */,
				3E82AF9127380E0B00E794E0 /* Products */,
				3E82AFEB27387DE400E794E0 /* Frameworks */,
			);
			sourceTree = "<group>";
		};
		3E82AF8827380E0900E794E0 /* Resources */ = {
			isa = PBXGroup;
			children = (
				3E82AF8B27380E0B00E794E0 /* Assets.xcassets */,
			);
			path = Resources;
			sourceTree = "<group>";
		};
		3E82AF9127380E0B00E794E0 /* Products */ = {
			isa = PBXGroup;
			children = (
				3E82AF9027380E0B00E794E0 /* Dash.app */,
				3E82AF9D27380E0C00E794E0 /* Tests iOS.xctest */,
			);
			name = Products;
			sourceTree = "<group>";
		};
		3E82AFA027380E0C00E794E0 /* Tests */ = {
			isa = PBXGroup;
			children = (
				3E82AFA127380E0C00E794E0 /* Tests_iOS.swift */,
				3E82AFA327380E0C00E794E0 /* Tests_iOSLaunchTests.swift */,
			);
			path = Tests;
			sourceTree = "<group>";
		};
		3E82AFC52738154400E794E0 /* App */ = {
			isa = PBXGroup;
			children = (
				3E82AF8927380E0900E794E0 /* DashApp.swift */,
				3E82AFF02738875D00E794E0 /* DashAppDelegate.swift */,
			);
			path = App;
			sourceTree = "<group>";
		};
		3E82AFC62738155100E794E0 /* Data */ = {
			isa = PBXGroup;
			children = (
				3E82AFE527387A4700E794E0 /* Authorization */,
			);
			path = Data;
			sourceTree = "<group>";
		};
		3E82AFC72738155A00E794E0 /* Domain */ = {
			isa = PBXGroup;
			children = (
				3E82AFCD273816CC00E794E0 /* DomainDummy.swift */,
			);
			path = Domain;
			sourceTree = "<group>";
		};
		3E82AFC82738156300E794E0 /* UI */ = {
			isa = PBXGroup;
			children = (
				3E82AF8A27380E0900E794E0 /* ContentView.swift */,
			);
			path = UI;
			sourceTree = "<group>";
		};
		3E82AFC92738157600E794E0 /* Core */ = {
			isa = PBXGroup;
			children = (
				3E82AFD327381ABE00E794E0 /* Networking */,
			);
			path = Core;
			sourceTree = "<group>";
		};
		3E82AFCA273815D000E794E0 /* Utils */ = {
			isa = PBXGroup;
			children = (
				3E82AFE827387AB100E794E0 /* Strava */,
			);
			path = Utils;
			sourceTree = "<group>";
		};
		3E82AFD327381ABE00E794E0 /* Networking */ = {
			isa = PBXGroup;
			children = (
				3E82AFD427381B9E00E794E0 /* Endpoint.swift */,
				3E82AFD627381BB400E794E0 /* HTTPMethod.swift */,
				3E82AFD82738357800E794E0 /* NetworkRequest.swift */,
				3E82AFDA27386C3F00E794E0 /* NetworkClientProtocol.swift */,
				3E82AFDC27386DFB00E794E0 /* NetworkResponse.swift */,
				3E82AFDE27386E1700E794E0 /* NetworkError.swift */,
				3E82AFE027386EAD00E794E0 /* NetworkClient.swift */,
				3E82AFE2273875AE00E794E0 /* NetworkingProvider.swift */,
			);
			path = Networking;
			sourceTree = "<group>";
		};
		3E82AFE527387A4700E794E0 /* Authorization */ = {
			isa = PBXGroup;
			children = (
				3E82AFE627387A9600E794E0 /* StravaAuthorizationRepository.swift */,
				3E82AFE927387AC300E794E0 /* StravaConfig.swift */,
				3E383AC627391974004B24E0 /* WebAuthenticationSession.swift */,
			);
			path = Authorization;
			sourceTree = "<group>";
		};
		3E82AFE827387AB100E794E0 /* Strava */ = {
			isa = PBXGroup;
			children = (
				3E82AFEE273881D600E794E0 /* StravaConstants.swift */,
			);
			path = Strava;
			sourceTree = "<group>";
		};
		3E82AFEB27387DE400E794E0 /* Frameworks */ = {
			isa = PBXGroup;
			children = (
				3E82AFEC27387DE400E794E0 /* AuthenticationServices.framework */,
			);
			name = Frameworks;
			sourceTree = "<group>";
		};
		3E82AFF227388F6800E794E0 /* Interactors */ = {
			isa = PBXGroup;
			children = (
				3E82AFF32738907C00E794E0 /* StravaAuthorizationInteractor.swift */,
			);
			path = Interactors;
			sourceTree = "<group>";
		};
/* End PBXGroup section */

/* Begin PBXNativeTarget section */
		3E82AF8F27380E0B00E794E0 /* Dash (iOS) */ = {
			isa = PBXNativeTarget;
			buildConfigurationList = 3E82AFB927380E0C00E794E0 /* Build configuration list for PBXNativeTarget "Dash (iOS)" */;
			buildPhases = (
				3E82AF8C27380E0B00E794E0 /* Sources */,
				3E82AF8D27380E0B00E794E0 /* Frameworks */,
				3E82AF8E27380E0B00E794E0 /* Resources */,
			);
			buildRules = (
			);
			dependencies = (
			);
			name = "Dash (iOS)";
			productName = "Dash (iOS)";
			productReference = 3E82AF9027380E0B00E794E0 /* Dash.app */;
			productType = "com.apple.product-type.application";
		};
		3E82AF9C27380E0C00E794E0 /* Tests iOS */ = {
			isa = PBXNativeTarget;
			buildConfigurationList = 3E82AFBF27380E0C00E794E0 /* Build configuration list for PBXNativeTarget "Tests iOS" */;
			buildPhases = (
				3E82AF9927380E0C00E794E0 /* Sources */,
				3E82AF9A27380E0C00E794E0 /* Frameworks */,
				3E82AF9B27380E0C00E794E0 /* Resources */,
			);
			buildRules = (
			);
			dependencies = (
				3E82AF9F27380E0C00E794E0 /* PBXTargetDependency */,
			);
			name = "Tests iOS";
			productName = "Tests iOS";
			productReference = 3E82AF9D27380E0C00E794E0 /* Tests iOS.xctest */;
			productType = "com.apple.product-type.bundle.ui-testing";
		};
/* End PBXNativeTarget section */

/* Begin PBXProject section */
		3E82AF8427380E0800E794E0 /* Project object */ = {
			isa = PBXProject;
			attributes = {
				BuildIndependentTargetsInParallel = 1;
				LastSwiftUpdateCheck = 1310;
				LastUpgradeCheck = 1310;
				TargetAttributes = {
					3E82AF8F27380E0B00E794E0 = {
						CreatedOnToolsVersion = 13.1;
					};
					3E82AF9C27380E0C00E794E0 = {
						CreatedOnToolsVersion = 13.1;
						TestTargetID = 3E82AF8F27380E0B00E794E0;
					};
				};
			};
			buildConfigurationList = 3E82AF8727380E0800E794E0 /* Build configuration list for PBXProject "Dash" */;
			compatibilityVersion = "Xcode 13.0";
			developmentRegion = en;
			hasScannedForEncodings = 0;
			knownRegions = (
				en,
				Base,
			);
			mainGroup = 3E82AF8327380E0800E794E0;
			productRefGroup = 3E82AF9127380E0B00E794E0 /* Products */;
			projectDirPath = "";
			projectRoot = "";
			targets = (
				3E82AF8F27380E0B00E794E0 /* Dash (iOS) */,
				3E82AF9C27380E0C00E794E0 /* Tests iOS */,
			);
		};
/* End PBXProject section */

/* Begin PBXResourcesBuildPhase section */
		3E82AF8E27380E0B00E794E0 /* Resources */ = {
			isa = PBXResourcesBuildPhase;
			buildActionMask = 2147483647;
			files = (
				3E82AFB527380E0C00E794E0 /* Assets.xcassets in Resources */,
			);
			runOnlyForDeploymentPostprocessing = 0;
		};
		3E82AF9B27380E0C00E794E0 /* Resources */ = {
			isa = PBXResourcesBuildPhase;
			buildActionMask = 2147483647;
			files = (
			);
			runOnlyForDeploymentPostprocessing = 0;
		};
/* End PBXResourcesBuildPhase section */

/* Begin PBXSourcesBuildPhase section */
		3E82AF8C27380E0B00E794E0 /* Sources */ = {
			isa = PBXSourcesBuildPhase;
			buildActionMask = 2147483647;
			files = (
				3E82AFD527381B9E00E794E0 /* Endpoint.swift in Sources */,
				3E82AFEF273881D600E794E0 /* StravaConstants.swift in Sources */,
				3E82AFB327380E0C00E794E0 /* ContentView.swift in Sources */,
				3E82AFE727387A9600E794E0 /* StravaAuthorizationRepository.swift in Sources */,
				3E82AFEA27387AC300E794E0 /* StravaConfig.swift in Sources */,
				3E82AFD727381BB400E794E0 /* HTTPMethod.swift in Sources */,
				3E82AFF12738875D00E794E0 /* DashAppDelegate.swift in Sources */,
				3E82AFF42738907C00E794E0 /* StravaAuthorizationInteractor.swift in Sources */,
				3E82AFCE273816CC00E794E0 /* DomainDummy.swift in Sources */,
				3E383AC727391974004B24E0 /* WebAuthenticationSession.swift in Sources */,
				3E82AFD92738357800E794E0 /* NetworkRequest.swift in Sources */,
				3E82AFE3273875AE00E794E0 /* NetworkingProvider.swift in Sources */,
				3E82AFE127386EAD00E794E0 /* NetworkClient.swift in Sources */,
				3E82AFDD27386DFB00E794E0 /* NetworkResponse.swift in Sources */,
				3E82AFDF27386E1700E794E0 /* NetworkError.swift in Sources */,
				3E82AFB127380E0C00E794E0 /* DashApp.swift in Sources */,
				3E82AFDB27386C3F00E794E0 /* NetworkClientProtocol.swift in Sources */,
			);
			runOnlyForDeploymentPostprocessing = 0;
		};
		3E82AF9927380E0C00E794E0 /* Sources */ = {
			isa = PBXSourcesBuildPhase;
			buildActionMask = 2147483647;
			files = (
				3E82AFA427380E0C00E794E0 /* Tests_iOSLaunchTests.swift in Sources */,
				3E82AFA227380E0C00E794E0 /* Tests_iOS.swift in Sources */,
			);
			runOnlyForDeploymentPostprocessing = 0;
		};
/* End PBXSourcesBuildPhase section */

/* Begin PBXTargetDependency section */
		3E82AF9F27380E0C00E794E0 /* PBXTargetDependency */ = {
			isa = PBXTargetDependency;
			target = 3E82AF8F27380E0B00E794E0 /* Dash (iOS) */;
			targetProxy = 3E82AF9E27380E0C00E794E0 /* PBXContainerItemProxy */;
		};
/* End PBXTargetDependency section */

/* Begin XCBuildConfiguration section */
		3E82AFB727380E0C00E794E0 /* Debug */ = {
			isa = XCBuildConfiguration;
			buildSettings = {
				ALWAYS_SEARCH_USER_PATHS = NO;
				CLANG_ANALYZER_NONNULL = YES;
				CLANG_ANALYZER_NUMBER_OBJECT_CONVERSION = YES_AGGRESSIVE;
				CLANG_CXX_LANGUAGE_STANDARD = "gnu++17";
				CLANG_CXX_LIBRARY = "libc++";
				CLANG_ENABLE_MODULES = YES;
				CLANG_ENABLE_OBJC_ARC = YES;
				CLANG_ENABLE_OBJC_WEAK = YES;
				CLANG_WARN_BLOCK_CAPTURE_AUTORELEASING = YES;
				CLANG_WARN_BOOL_CONVERSION = YES;
				CLANG_WARN_COMMA = YES;
				CLANG_WARN_CONSTANT_CONVERSION = YES;
				CLANG_WARN_DEPRECATED_OBJC_IMPLEMENTATIONS = YES;
				CLANG_WARN_DIRECT_OBJC_ISA_USAGE = YES_ERROR;
				CLANG_WARN_DOCUMENTATION_COMMENTS = YES;
				CLANG_WARN_EMPTY_BODY = YES;
				CLANG_WARN_ENUM_CONVERSION = YES;
				CLANG_WARN_INFINITE_RECURSION = YES;
				CLANG_WARN_INT_CONVERSION = YES;
				CLANG_WARN_NON_LITERAL_NULL_CONVERSION = YES;
				CLANG_WARN_OBJC_IMPLICIT_RETAIN_SELF = YES;
				CLANG_WARN_OBJC_LITERAL_CONVERSION = YES;
				CLANG_WARN_OBJC_ROOT_CLASS = YES_ERROR;
				CLANG_WARN_QUOTED_INCLUDE_IN_FRAMEWORK_HEADER = YES;
				CLANG_WARN_RANGE_LOOP_ANALYSIS = YES;
				CLANG_WARN_STRICT_PROTOTYPES = YES;
				CLANG_WARN_SUSPICIOUS_MOVE = YES;
				CLANG_WARN_UNGUARDED_AVAILABILITY = YES_AGGRESSIVE;
				CLANG_WARN_UNREACHABLE_CODE = YES;
				CLANG_WARN__DUPLICATE_METHOD_MATCH = YES;
				COPY_PHASE_STRIP = NO;
				DEBUG_INFORMATION_FORMAT = dwarf;
				ENABLE_STRICT_OBJC_MSGSEND = YES;
				ENABLE_TESTABILITY = YES;
				GCC_C_LANGUAGE_STANDARD = gnu11;
				GCC_DYNAMIC_NO_PIC = NO;
				GCC_NO_COMMON_BLOCKS = YES;
				GCC_OPTIMIZATION_LEVEL = 0;
				GCC_PREPROCESSOR_DEFINITIONS = (
					"DEBUG=1",
					"$(inherited)",
				);
				GCC_WARN_64_TO_32_BIT_CONVERSION = YES;
				GCC_WARN_ABOUT_RETURN_TYPE = YES_ERROR;
				GCC_WARN_UNDECLARED_SELECTOR = YES;
				GCC_WARN_UNINITIALIZED_AUTOS = YES_AGGRESSIVE;
				GCC_WARN_UNUSED_FUNCTION = YES;
				GCC_WARN_UNUSED_VARIABLE = YES;
				MTL_ENABLE_DEBUG_INFO = INCLUDE_SOURCE;
				MTL_FAST_MATH = YES;
				ONLY_ACTIVE_ARCH = YES;
				SWIFT_ACTIVE_COMPILATION_CONDITIONS = DEBUG;
				SWIFT_OPTIMIZATION_LEVEL = "-Onone";
			};
			name = Debug;
		};
		3E82AFB827380E0C00E794E0 /* Release */ = {
			isa = XCBuildConfiguration;
			buildSettings = {
				ALWAYS_SEARCH_USER_PATHS = NO;
				CLANG_ANALYZER_NONNULL = YES;
				CLANG_ANALYZER_NUMBER_OBJECT_CONVERSION = YES_AGGRESSIVE;
				CLANG_CXX_LANGUAGE_STANDARD = "gnu++17";
				CLANG_CXX_LIBRARY = "libc++";
				CLANG_ENABLE_MODULES = YES;
				CLANG_ENABLE_OBJC_ARC = YES;
				CLANG_ENABLE_OBJC_WEAK = YES;
				CLANG_WARN_BLOCK_CAPTURE_AUTORELEASING = YES;
				CLANG_WARN_BOOL_CONVERSION = YES;
				CLANG_WARN_COMMA = YES;
				CLANG_WARN_CONSTANT_CONVERSION = YES;
				CLANG_WARN_DEPRECATED_OBJC_IMPLEMENTATIONS = YES;
				CLANG_WARN_DIRECT_OBJC_ISA_USAGE = YES_ERROR;
				CLANG_WARN_DOCUMENTATION_COMMENTS = YES;
				CLANG_WARN_EMPTY_BODY = YES;
				CLANG_WARN_ENUM_CONVERSION = YES;
				CLANG_WARN_INFINITE_RECURSION = YES;
				CLANG_WARN_INT_CONVERSION = YES;
				CLANG_WARN_NON_LITERAL_NULL_CONVERSION = YES;
				CLANG_WARN_OBJC_IMPLICIT_RETAIN_SELF = YES;
				CLANG_WARN_OBJC_LITERAL_CONVERSION = YES;
				CLANG_WARN_OBJC_ROOT_CLASS = YES_ERROR;
				CLANG_WARN_QUOTED_INCLUDE_IN_FRAMEWORK_HEADER = YES;
				CLANG_WARN_RANGE_LOOP_ANALYSIS = YES;
				CLANG_WARN_STRICT_PROTOTYPES = YES;
				CLANG_WARN_SUSPICIOUS_MOVE = YES;
				CLANG_WARN_UNGUARDED_AVAILABILITY = YES_AGGRESSIVE;
				CLANG_WARN_UNREACHABLE_CODE = YES;
				CLANG_WARN__DUPLICATE_METHOD_MATCH = YES;
				COPY_PHASE_STRIP = NO;
				DEBUG_INFORMATION_FORMAT = "dwarf-with-dsym";
				ENABLE_NS_ASSERTIONS = NO;
				ENABLE_STRICT_OBJC_MSGSEND = YES;
				GCC_C_LANGUAGE_STANDARD = gnu11;
				GCC_NO_COMMON_BLOCKS = YES;
				GCC_WARN_64_TO_32_BIT_CONVERSION = YES;
				GCC_WARN_ABOUT_RETURN_TYPE = YES_ERROR;
				GCC_WARN_UNDECLARED_SELECTOR = YES;
				GCC_WARN_UNINITIALIZED_AUTOS = YES_AGGRESSIVE;
				GCC_WARN_UNUSED_FUNCTION = YES;
				GCC_WARN_UNUSED_VARIABLE = YES;
				MTL_ENABLE_DEBUG_INFO = NO;
				MTL_FAST_MATH = YES;
				SWIFT_COMPILATION_MODE = wholemodule;
				SWIFT_OPTIMIZATION_LEVEL = "-O";
			};
			name = Release;
		};
		3E82AFBA27380E0C00E794E0 /* Debug */ = {
			isa = XCBuildConfiguration;
			buildSettings = {
				ASSETCATALOG_COMPILER_APPICON_NAME = AppIcon;
				ASSETCATALOG_COMPILER_GLOBAL_ACCENT_COLOR_NAME = AccentColor;
				CODE_SIGN_STYLE = Automatic;
				CURRENT_PROJECT_VERSION = 1;
				DEVELOPMENT_TEAM = 689LP6M85U;
				ENABLE_PREVIEWS = YES;
				GENERATE_INFOPLIST_FILE = YES;
				INFOPLIST_FILE = "Dash--iOS--Info.plist";
				INFOPLIST_KEY_UIApplicationSceneManifest_Generation = YES;
				INFOPLIST_KEY_UIApplicationSupportsIndirectInputEvents = YES;
				INFOPLIST_KEY_UILaunchScreen_Generation = YES;
				INFOPLIST_KEY_UISupportedInterfaceOrientations_iPad = "UIInterfaceOrientationPortrait UIInterfaceOrientationPortraitUpsideDown UIInterfaceOrientationLandscapeLeft UIInterfaceOrientationLandscapeRight";
				INFOPLIST_KEY_UISupportedInterfaceOrientations_iPhone = "UIInterfaceOrientationPortrait UIInterfaceOrientationLandscapeLeft UIInterfaceOrientationLandscapeRight";
				IPHONEOS_DEPLOYMENT_TARGET = 15.0;
				LD_RUNPATH_SEARCH_PATHS = (
					"$(inherited)",
					"@executable_path/Frameworks",
				);
				MARKETING_VERSION = 1.0;
				PRODUCT_BUNDLE_IDENTIFIER = com.rafi.Dash;
				PRODUCT_NAME = Dash;
				SDKROOT = iphoneos;
				SWIFT_EMIT_LOC_STRINGS = YES;
				SWIFT_VERSION = 5.0;
				TARGETED_DEVICE_FAMILY = "1,2";
			};
			name = Debug;
		};
		3E82AFBB27380E0C00E794E0 /* Release */ = {
			isa = XCBuildConfiguration;
			buildSettings = {
				ASSETCATALOG_COMPILER_APPICON_NAME = AppIcon;
				ASSETCATALOG_COMPILER_GLOBAL_ACCENT_COLOR_NAME = AccentColor;
				CODE_SIGN_STYLE = Automatic;
				CURRENT_PROJECT_VERSION = 1;
				DEVELOPMENT_TEAM = 689LP6M85U;
				ENABLE_PREVIEWS = YES;
				GENERATE_INFOPLIST_FILE = YES;
				INFOPLIST_FILE = "Dash--iOS--Info.plist";
				INFOPLIST_KEY_UIApplicationSceneManifest_Generation = YES;
				INFOPLIST_KEY_UIApplicationSupportsIndirectInputEvents = YES;
				INFOPLIST_KEY_UILaunchScreen_Generation = YES;
				INFOPLIST_KEY_UISupportedInterfaceOrientations_iPad = "UIInterfaceOrientationPortrait UIInterfaceOrientationPortraitUpsideDown UIInterfaceOrientationLandscapeLeft UIInterfaceOrientationLandscapeRight";
				INFOPLIST_KEY_UISupportedInterfaceOrientations_iPhone = "UIInterfaceOrientationPortrait UIInterfaceOrientationLandscapeLeft UIInterfaceOrientationLandscapeRight";
				IPHONEOS_DEPLOYMENT_TARGET = 15.0;
				LD_RUNPATH_SEARCH_PATHS = (
					"$(inherited)",
					"@executable_path/Frameworks",
				);
				MARKETING_VERSION = 1.0;
				PRODUCT_BUNDLE_IDENTIFIER = com.rafi.Dash;
				PRODUCT_NAME = Dash;
				SDKROOT = iphoneos;
				SWIFT_EMIT_LOC_STRINGS = YES;
				SWIFT_VERSION = 5.0;
				TARGETED_DEVICE_FAMILY = "1,2";
				VALIDATE_PRODUCT = YES;
			};
			name = Release;
		};
		3E82AFC027380E0C00E794E0 /* Debug */ = {
			isa = XCBuildConfiguration;
			buildSettings = {
				ALWAYS_EMBED_SWIFT_STANDARD_LIBRARIES = YES;
				CODE_SIGN_STYLE = Automatic;
				CURRENT_PROJECT_VERSION = 1;
				DEVELOPMENT_TEAM = 689LP6M85U;
				GENERATE_INFOPLIST_FILE = YES;
				IPHONEOS_DEPLOYMENT_TARGET = 15.0;
				LD_RUNPATH_SEARCH_PATHS = (
					"$(inherited)",
					"@executable_path/Frameworks",
					"@loader_path/Frameworks",
				);
				MARKETING_VERSION = 1.0;
				PRODUCT_BUNDLE_IDENTIFIER = "com.rafi.Tests-iOS";
				PRODUCT_NAME = "$(TARGET_NAME)";
				SDKROOT = iphoneos;
				SWIFT_EMIT_LOC_STRINGS = NO;
				SWIFT_VERSION = 5.0;
				TARGETED_DEVICE_FAMILY = "1,2";
				TEST_TARGET_NAME = "Dash (iOS)";
			};
			name = Debug;
		};
		3E82AFC127380E0C00E794E0 /* Release */ = {
			isa = XCBuildConfiguration;
			buildSettings = {
				ALWAYS_EMBED_SWIFT_STANDARD_LIBRARIES = YES;
				CODE_SIGN_STYLE = Automatic;
				CURRENT_PROJECT_VERSION = 1;
				DEVELOPMENT_TEAM = 689LP6M85U;
				GENERATE_INFOPLIST_FILE = YES;
				IPHONEOS_DEPLOYMENT_TARGET = 15.0;
				LD_RUNPATH_SEARCH_PATHS = (
					"$(inherited)",
					"@executable_path/Frameworks",
					"@loader_path/Frameworks",
				);
				MARKETING_VERSION = 1.0;
				PRODUCT_BUNDLE_IDENTIFIER = "com.rafi.Tests-iOS";
				PRODUCT_NAME = "$(TARGET_NAME)";
				SDKROOT = iphoneos;
				SWIFT_EMIT_LOC_STRINGS = NO;
				SWIFT_VERSION = 5.0;
				TARGETED_DEVICE_FAMILY = "1,2";
				TEST_TARGET_NAME = "Dash (iOS)";
				VALIDATE_PRODUCT = YES;
			};
			name = Release;
		};
/* End XCBuildConfiguration section */

/* Begin XCConfigurationList section */
		3E82AF8727380E0800E794E0 /* Build configuration list for PBXProject "Dash" */ = {
			isa = XCConfigurationList;
			buildConfigurations = (
				3E82AFB727380E0C00E794E0 /* Debug */,
				3E82AFB827380E0C00E794E0 /* Release */,
			);
			defaultConfigurationIsVisible = 0;
			defaultConfigurationName = Release;
		};
		3E82AFB927380E0C00E794E0 /* Build configuration list for PBXNativeTarget "Dash (iOS)" */ = {
			isa = XCConfigurationList;
			buildConfigurations = (
				3E82AFBA27380E0C00E794E0 /* Debug */,
				3E82AFBB27380E0C00E794E0 /* Release */,
			);
			defaultConfigurationIsVisible = 0;
			defaultConfigurationName = Release;
		};
		3E82AFBF27380E0C00E794E0 /* Build configuration list for PBXNativeTarget "Tests iOS" */ = {
			isa = XCConfigurationList;
			buildConfigurations = (
				3E82AFC027380E0C00E794E0 /* Debug */,
				3E82AFC127380E0C00E794E0 /* Release */,
			);
			defaultConfigurationIsVisible = 0;
			defaultConfigurationName = Release;
		};
/* End XCConfigurationList section */
	};
	rootObject = 3E82AF8427380E0800E794E0 /* Project object */;
}
